// !$*UTF8*$!
{
	archiveVersion = 1;
	classes = {
	};
	objectVersion = 56;
	objects = {

/* Begin PBXBuildFile section */
		38C589FDFD445337A9ED5C79 /* AIDisclosureView.swift in Sources */ = {isa = PBXBuildFile; fileRef = DD7B45442BBA3862B345BDB2 /* AIDisclosureView.swift */; };
		AA000001 /* SpeakSmartApp.swift in Sources */ = {isa = PBXBuildFile; fileRef = AA000011 /* SpeakSmartApp.swift */; };
		AA000003 /* RecordingView.swift in Sources */ = {isa = PBXBuildFile; fileRef = AA000013 /* RecordingView.swift */; };
		AA000005 /* SpeechRecognizer.swift in Sources */ = {isa = PBXBuildFile; fileRef = AA000015 /* SpeechRecognizer.swift */; };
		AA000006 /* HistoryView.swift in Sources */ = {isa = PBXBuildFile; fileRef = AA000016 /* HistoryView.swift */; };
		AA000007 /* HistoryStore.swift in Sources */ = {isa = PBXBuildFile; fileRef = AA000017 /* HistoryStore.swift */; };
		AA000008 /* RewriteView.swift in Sources */ = {isa = PBXBuildFile; fileRef = AA000018 /* RewriteView.swift */; };
		AA000009 /* RewriteViewModel.swift in Sources */ = {isa = PBXBuildFile; fileRef = AA000019 /* RewriteViewModel.swift */; };
		AA00000A /* Recording.swift in Sources */ = {isa = PBXBuildFile; fileRef = AA00001A /* Recording.swift */; };
		AA00000B /* AIService.swift in Sources */ = {isa = PBXBuildFile; fileRef = AA00001B /* AIService.swift */; };
		AA00000C /* Assets.xcassets in Resources */ = {isa = PBXBuildFile; fileRef = AA00001C /* Assets.xcassets */; };
		AA00000D /* SettingsView.swift in Sources */ = {isa = PBXBuildFile; fileRef = AA00002C /* SettingsView.swift */; };
		AA000054 /* NetworkMonitor.swift in Sources */ = {isa = PBXBuildFile; fileRef = AA000055 /* NetworkMonitor.swift */; };
		AA000056 /* OnboardingView.swift in Sources */ = {isa = PBXBuildFile; fileRef = AA000057 /* OnboardingView.swift */; };
		AA000059 /* RecordingDetailView.swift in Sources */ = {isa = PBXBuildFile; fileRef = AA00005A /* RecordingDetailView.swift */; };
		AA00005B /* TranscriptionView.swift in Sources */ = {isa = PBXBuildFile; fileRef = AA00005C /* TranscriptionView.swift */; };
		AA00005E /* Tone.swift in Sources */ = {isa = PBXBuildFile; fileRef = AA00005F /* Tone.swift */; };
		AA000060 /* Format.swift in Sources */ = {isa = PBXBuildFile; fileRef = AA000061 /* Format.swift */; };
		AA000062 /* KeychainHelper.swift in Sources */ = {isa = PBXBuildFile; fileRef = AA000063 /* KeychainHelper.swift */; };
		AA000065 /* CreateNoteIntent.swift in Sources */ = {isa = PBXBuildFile; fileRef = AA000064 /* CreateNoteIntent.swift */; };
		BB000011 /* RecordingTests.swift in Sources */ = {isa = PBXBuildFile; fileRef = BB000001 /* RecordingTests.swift */; };
		BB000012 /* ToneFormatTests.swift in Sources */ = {isa = PBXBuildFile; fileRef = BB000002 /* ToneFormatTests.swift */; };
		BB000013 /* HistoryStoreTests.swift in Sources */ = {isa = PBXBuildFile; fileRef = BB000003 /* HistoryStoreTests.swift */; };
		BB000014 /* AIServiceTests.swift in Sources */ = {isa = PBXBuildFile; fileRef = BB000004 /* AIServiceTests.swift */; };
		BB000015 /* KeychainHelperTests.swift in Sources */ = {isa = PBXBuildFile; fileRef = BB000005 /* KeychainHelperTests.swift */; };
		BB000016 /* RewriteViewModelTests.swift in Sources */ = {isa = PBXBuildFile; fileRef = BB000006 /* RewriteViewModelTests.swift */; };
		BB000017 /* AIDisclosureTests.swift in Sources */ = {isa = PBXBuildFile; fileRef = BB000007 /* AIDisclosureTests.swift */; };
		BB100001 /* ScreenshotTests.swift in Sources */ = {isa = PBXBuildFile; fileRef = BB100010 /* ScreenshotTests.swift */; };
/* End PBXBuildFile section */

/* Begin PBXContainerItemProxy section */
		BB000050 /* PBXContainerItemProxy */ = {
			isa = PBXContainerItemProxy;
			containerPortal = AA000033 /* Project object */;
			proxyType = 1;
			remoteGlobalIDString = AA000031;
			remoteInfo = SpeakSmart;
		};
		BB100050 /* PBXContainerItemProxy */ = {
			isa = PBXContainerItemProxy;
			containerPortal = AA000033 /* Project object */;
			proxyType = 1;
			remoteGlobalIDString = AA000031;
			remoteInfo = SpeakSmart;
		};
/* End PBXContainerItemProxy section */

/* Begin PBXFileReference section */
		AA000010 /* SpeakSmart.app */ = {isa = PBXFileReference; explicitFileType = wrapper.application; includeInIndex = 0; path = SpeakSmart.app; sourceTree = BUILT_PRODUCTS_DIR; };
		AA000011 /* SpeakSmartApp.swift */ = {isa = PBXFileReference; lastKnownFileType = sourcecode.swift; path = SpeakSmartApp.swift; sourceTree = "<group>"; };
		AA000013 /* RecordingView.swift */ = {isa = PBXFileReference; lastKnownFileType = sourcecode.swift; path = RecordingView.swift; sourceTree = "<group>"; };
		AA000015 /* SpeechRecognizer.swift */ = {isa = PBXFileReference; lastKnownFileType = sourcecode.swift; path = SpeechRecognizer.swift; sourceTree = "<group>"; };
		AA000016 /* HistoryView.swift */ = {isa = PBXFileReference; lastKnownFileType = sourcecode.swift; path = HistoryView.swift; sourceTree = "<group>"; };
		AA000017 /* HistoryStore.swift */ = {isa = PBXFileReference; lastKnownFileType = sourcecode.swift; path = HistoryStore.swift; sourceTree = "<group>"; };
		AA000018 /* RewriteView.swift */ = {isa = PBXFileReference; lastKnownFileType = sourcecode.swift; path = RewriteView.swift; sourceTree = "<group>"; };
		AA000019 /* RewriteViewModel.swift */ = {isa = PBXFileReference; lastKnownFileType = sourcecode.swift; path = RewriteViewModel.swift; sourceTree = "<group>"; };
		AA00001A /* Recording.swift */ = {isa = PBXFileReference; lastKnownFileType = sourcecode.swift; path = Recording.swift; sourceTree = "<group>"; };
		AA00001B /* AIService.swift */ = {isa = PBXFileReference; lastKnownFileType = sourcecode.swift; path = AIService.swift; sourceTree = "<group>"; };
		AA00001C /* Assets.xcassets */ = {isa = PBXFileReference; lastKnownFileType = folder.assetcatalog; path = Assets.xcassets; sourceTree = "<group>"; };
		AA00001D /* Info.plist */ = {isa = PBXFileReference; lastKnownFileType = text.plist.xml; path = Info.plist; sourceTree = "<group>"; };
		AA00002C /* SettingsView.swift */ = {isa = PBXFileReference; lastKnownFileType = sourcecode.swift; path = SettingsView.swift; sourceTree = "<group>"; };
		AA000055 /* NetworkMonitor.swift */ = {isa = PBXFileReference; lastKnownFileType = sourcecode.swift; path = NetworkMonitor.swift; sourceTree = "<group>"; };
		AA000057 /* OnboardingView.swift */ = {isa = PBXFileReference; lastKnownFileType = sourcecode.swift; path = OnboardingView.swift; sourceTree = "<group>"; };
		AA00005A /* RecordingDetailView.swift */ = {isa = PBXFileReference; lastKnownFileType = sourcecode.swift; path = RecordingDetailView.swift; sourceTree = "<group>"; };
		AA00005C /* TranscriptionView.swift */ = {isa = PBXFileReference; lastKnownFileType = sourcecode.swift; path = TranscriptionView.swift; sourceTree = "<group>"; };
		AA00005F /* Tone.swift */ = {isa = PBXFileReference; lastKnownFileType = sourcecode.swift; path = Tone.swift; sourceTree = "<group>"; };
		AA000061 /* Format.swift */ = {isa = PBXFileReference; lastKnownFileType = sourcecode.swift; path = Format.swift; sourceTree = "<group>"; };
		AA000063 /* KeychainHelper.swift */ = {isa = PBXFileReference; lastKnownFileType = sourcecode.swift; path = KeychainHelper.swift; sourceTree = "<group>"; };
		AA000064 /* CreateNoteIntent.swift */ = {isa = PBXFileReference; lastKnownFileType = sourcecode.swift; path = CreateNoteIntent.swift; sourceTree = "<group>"; };
		BB000001 /* RecordingTests.swift */ = {isa = PBXFileReference; lastKnownFileType = sourcecode.swift; path = RecordingTests.swift; sourceTree = "<group>"; };
		BB000002 /* ToneFormatTests.swift */ = {isa = PBXFileReference; lastKnownFileType = sourcecode.swift; path = ToneFormatTests.swift; sourceTree = "<group>"; };
		BB000003 /* HistoryStoreTests.swift */ = {isa = PBXFileReference; lastKnownFileType = sourcecode.swift; path = HistoryStoreTests.swift; sourceTree = "<group>"; };
		BB000004 /* AIServiceTests.swift */ = {isa = PBXFileReference; lastKnownFileType = sourcecode.swift; path = AIServiceTests.swift; sourceTree = "<group>"; };
		BB000005 /* KeychainHelperTests.swift */ = {isa = PBXFileReference; lastKnownFileType = sourcecode.swift; path = KeychainHelperTests.swift; sourceTree = "<group>"; };
		BB000006 /* RewriteViewModelTests.swift */ = {isa = PBXFileReference; lastKnownFileType = sourcecode.swift; path = RewriteViewModelTests.swift; sourceTree = "<group>"; };
		BB000007 /* AIDisclosureTests.swift */ = {isa = PBXFileReference; lastKnownFileType = sourcecode.swift; path = AIDisclosureTests.swift; sourceTree = "<group>"; };
		BB000020 /* SpeakSmartTests.xctest */ = {isa = PBXFileReference; explicitFileType = wrapper.cfbundle; includeInIndex = 0; path = SpeakSmartTests.xctest; sourceTree = BUILT_PRODUCTS_DIR; };
		BB100010 /* ScreenshotTests.swift */ = {isa = PBXFileReference; lastKnownFileType = sourcecode.swift; path = ScreenshotTests.swift; sourceTree = "<group>"; };
		BB100020 /* SpeakSmartScreenshots.xctest */ = {isa = PBXFileReference; explicitFileType = wrapper.cfbundle; includeInIndex = 0; path = SpeakSmartScreenshots.xctest; sourceTree = BUILT_PRODUCTS_DIR; };
		DD7B45442BBA3862B345BDB2 /* AIDisclosureView.swift */ = {isa = PBXFileReference; includeInIndex = 1; lastKnownFileType = sourcecode.swift; name = AIDisclosureView.swift; path = AIDisclosureView.swift; sourceTree = "<group>"; };
/* End PBXFileReference section */

/* Begin PBXFrameworksBuildPhase section */
		AA000020 /* Frameworks */ = {
			isa = PBXFrameworksBuildPhase;
			buildActionMask = 2147483647;
			files = (
			);
			runOnlyForDeploymentPostprocessing = 0;
		};
		BB000041 /* Frameworks */ = {
			isa = PBXFrameworksBuildPhase;
			buildActionMask = 2147483647;
			files = (
			);
			runOnlyForDeploymentPostprocessing = 0;
		};
		BB100041 /* Frameworks */ = {
			isa = PBXFrameworksBuildPhase;
			buildActionMask = 2147483647;
			files = (
			);
			runOnlyForDeploymentPostprocessing = 0;
		};
/* End PBXFrameworksBuildPhase section */

/* Begin PBXGroup section */
		5907CAE02F5CDB4100FB73B5 /* Recovered References */ = {
			isa = PBXGroup;
			children = (
				AA00001C /* Assets.xcassets */,
			);
			name = "Recovered References";
			sourceTree = "<group>";
		};
		979805F4CE95E88CCF73328B /* Disclosure */ = {
			isa = PBXGroup;
			children = (
				DD7B45442BBA3862B345BDB2 /* AIDisclosureView.swift */,
			);
			name = Disclosure;
			path = Disclosure;
			sourceTree = "<group>";
		};
		AA000000 = {
			isa = PBXGroup;
			children = (
				AA000021 /* SpeakSmart */,
				BB000030 /* SpeakSmartTests */,
				BB100030 /* SpeakSmartScreenshots */,
				AA000030 /* Products */,
				5907CAE02F5CDB4100FB73B5 /* Recovered References */,
			);
			sourceTree = "<group>";
		};
		AA000021 /* SpeakSmart */ = {
			isa = PBXGroup;
			children = (
				AA000022 /* App */,
				AA000023 /* Features */,
				AA000066 /* Intents */,
				AA000024 /* Services */,
				AA000025 /* Models */,
				AA000026 /* Resources */,
			);
			path = SpeakSmart;
			sourceTree = "<group>";
		};
		AA000022 /* App */ = {
			isa = PBXGroup;
			children = (
				AA000011 /* SpeakSmartApp.swift */,
				AA00001D /* Info.plist */,
			);
			path = App;
			sourceTree = "<group>";
		};
		AA000023 /* Features */ = {
			isa = PBXGroup;
			children = (
				AA000058 /* Onboarding */,
				AA000027 /* Recording */,
				AA000028 /* History */,
				AA000029 /* Rewrite */,
				AA00002B /* Settings */,
				AA00005D /* Transcription */,
				979805F4CE95E88CCF73328B /* Disclosure */,
			);
			path = Features;
			sourceTree = "<group>";
		};
		AA000024 /* Services */ = {
			isa = PBXGroup;
			children = (
				AA00001B /* AIService.swift */,
				AA000063 /* KeychainHelper.swift */,
				AA000055 /* NetworkMonitor.swift */,
			);
			path = Services;
			sourceTree = "<group>";
		};
		AA000025 /* Models */ = {
			isa = PBXGroup;
			children = (
				AA00001A /* Recording.swift */,
				AA00005F /* Tone.swift */,
				AA000061 /* Format.swift */,
			);
			path = Models;
			sourceTree = "<group>";
		};
		AA000026 /* Resources */ = {
			isa = PBXGroup;
			children = (
				AA00002A /* Assets.xcassets */,
			);
			path = Resources;
			sourceTree = "<group>";
		};
		AA000027 /* Recording */ = {
			isa = PBXGroup;
			children = (
				AA000013 /* RecordingView.swift */,
				AA000015 /* SpeechRecognizer.swift */,
			);
			path = Recording;
			sourceTree = "<group>";
		};
		AA000028 /* History */ = {
			isa = PBXGroup;
			children = (
				AA000016 /* HistoryView.swift */,
				AA000017 /* HistoryStore.swift */,
				AA00005A /* RecordingDetailView.swift */,
			);
			path = History;
			sourceTree = "<group>";
		};
		AA000029 /* Rewrite */ = {
			isa = PBXGroup;
			children = (
				AA000018 /* RewriteView.swift */,
				AA000019 /* RewriteViewModel.swift */,
			);
			path = Rewrite;
			sourceTree = "<group>";
		};
		AA00002A /* Assets.xcassets */ = {
			isa = PBXGroup;
			children = (
			);
			path = Assets.xcassets;
			sourceTree = "<group>";
		};
		AA00002B /* Settings */ = {
			isa = PBXGroup;
			children = (
				AA00002C /* SettingsView.swift */,
			);
			path = Settings;
			sourceTree = "<group>";
		};
		AA000030 /* Products */ = {
			isa = PBXGroup;
			children = (
				AA000010 /* SpeakSmart.app */,
				BB000020 /* SpeakSmartTests.xctest */,
				BB100020 /* SpeakSmartScreenshots.xctest */,
			);
			name = Products;
			sourceTree = "<group>";
		};
		AA000058 /* Onboarding */ = {
			isa = PBXGroup;
			children = (
				AA000057 /* OnboardingView.swift */,
			);
			path = Onboarding;
			sourceTree = "<group>";
		};
		AA00005D /* Transcription */ = {
			isa = PBXGroup;
			children = (
				AA00005C /* TranscriptionView.swift */,
			);
			path = Transcription;
			sourceTree = "<group>";
		};
		AA000066 /* Intents */ = {
			isa = PBXGroup;
			children = (
				AA000064 /* CreateNoteIntent.swift */,
			);
			path = Intents;
			sourceTree = "<group>";
		};
		BB000030 /* SpeakSmartTests */ = {
			isa = PBXGroup;
			children = (
				BB000001 /* RecordingTests.swift */,
				BB000002 /* ToneFormatTests.swift */,
				BB000003 /* HistoryStoreTests.swift */,
				BB000004 /* AIServiceTests.swift */,
				BB000005 /* KeychainHelperTests.swift */,
				BB000006 /* RewriteViewModelTests.swift */,
				BB000007 /* AIDisclosureTests.swift */,
			);
			path = SpeakSmartTests;
			sourceTree = "<group>";
		};
		BB100030 /* SpeakSmartScreenshots */ = {
			isa = PBXGroup;
			children = (
				BB100010 /* ScreenshotTests.swift */,
			);
			path = SpeakSmartScreenshots;
			sourceTree = "<group>";
		};
/* End PBXGroup section */

/* Begin PBXNativeTarget section */
		AA000031 /* SpeakSmart */ = {
			isa = PBXNativeTarget;
			buildConfigurationList = AA000040 /* Build configuration list for PBXNativeTarget "SpeakSmart" */;
			buildPhases = (
				AA000032 /* Sources */,
				AA000020 /* Frameworks */,
				AA000035 /* Resources */,
			);
			buildRules = (
			);
			dependencies = (
			);
			name = SpeakSmart;
			productName = SpeakSmart;
			productReference = AA000010 /* SpeakSmart.app */;
			productType = "com.apple.product-type.application";
		};
		BB000060 /* SpeakSmartTests */ = {
			isa = PBXNativeTarget;
			buildConfigurationList = BB000080 /* Build configuration list for PBXNativeTarget "SpeakSmartTests" */;
			buildPhases = (
				BB000040 /* Sources */,
				BB000041 /* Frameworks */,
				BB000042 /* Resources */,
			);
			buildRules = (
			);
			dependencies = (
				BB000051 /* PBXTargetDependency */,
			);
			name = SpeakSmartTests;
			productName = SpeakSmartTests;
			productReference = BB000020 /* SpeakSmartTests.xctest */;
			productType = "com.apple.product-type.bundle.unit-test";
		};
		BB100060 /* SpeakSmartScreenshots */ = {
			isa = PBXNativeTarget;
			buildConfigurationList = BB100080 /* Build configuration list for PBXNativeTarget "SpeakSmartScreenshots" */;
			buildPhases = (
				BB100040 /* Sources */,
				BB100041 /* Frameworks */,
				BB100042 /* Resources */,
			);
			buildRules = (
			);
			dependencies = (
				BB100051 /* PBXTargetDependency */,
			);
			name = SpeakSmartScreenshots;
			productName = SpeakSmartScreenshots;
			productReference = BB100020 /* SpeakSmartScreenshots.xctest */;
			productType = "com.apple.product-type.bundle.ui-testing";
		};
/* End PBXNativeTarget section */

/* Begin PBXProject section */
		AA000033 /* Project object */ = {
			isa = PBXProject;
			attributes = {
				BuildIndependentTargetsInParallel = 1;
				LastSwiftUpdateCheck = 1500;
				LastUpgradeCheck = 2630;
				TargetAttributes = {
					AA000031 = {
						CreatedOnToolsVersion = 15.0;
					};
					BB000060 = {
						CreatedOnToolsVersion = 15.0;
						TestTargetID = AA000031;
					};
					BB100060 = {
						CreatedOnToolsVersion = 15.0;
						TestTargetID = AA000031;
					};
				};
			};
			buildConfigurationList = AA000034 /* Build configuration list for PBXProject "SpeakSmart" */;
			compatibilityVersion = "Xcode 14.0";
			developmentRegion = en;
			hasScannedForEncodings = 0;
			knownRegions = (
				en,
				Base,
			);
			mainGroup = AA000000;
			productRefGroup = AA000030 /* Products */;
			projectDirPath = "";
			projectRoot = "";
			targets = (
				AA000031 /* SpeakSmart */,
				BB000060 /* SpeakSmartTests */,
				BB100060 /* SpeakSmartScreenshots */,
			);
		};
/* End PBXProject section */

/* Begin PBXResourcesBuildPhase section */
		AA000035 /* Resources */ = {
			isa = PBXResourcesBuildPhase;
			buildActionMask = 2147483647;
			files = (
				AA00000C /* Assets.xcassets in Resources */,
			);
			runOnlyForDeploymentPostprocessing = 0;
		};
		BB000042 /* Resources */ = {
			isa = PBXResourcesBuildPhase;
			buildActionMask = 2147483647;
			files = (
			);
			runOnlyForDeploymentPostprocessing = 0;
		};
		BB100042 /* Resources */ = {
			isa = PBXResourcesBuildPhase;
			buildActionMask = 2147483647;
			files = (
			);
			runOnlyForDeploymentPostprocessing = 0;
		};
/* End PBXResourcesBuildPhase section */

/* Begin PBXSourcesBuildPhase section */
		AA000032 /* Sources */ = {
			isa = PBXSourcesBuildPhase;
			buildActionMask = 2147483647;
			files = (
				AA000001 /* SpeakSmartApp.swift in Sources */,
				AA000003 /* RecordingView.swift in Sources */,
				AA000005 /* SpeechRecognizer.swift in Sources */,
				AA000006 /* HistoryView.swift in Sources */,
				AA000007 /* HistoryStore.swift in Sources */,
				AA000008 /* RewriteView.swift in Sources */,
				AA000009 /* RewriteViewModel.swift in Sources */,
				AA00000A /* Recording.swift in Sources */,
				AA00000B /* AIService.swift in Sources */,
				AA00000D /* SettingsView.swift in Sources */,
				AA000054 /* NetworkMonitor.swift in Sources */,
				AA000056 /* OnboardingView.swift in Sources */,
				AA000059 /* RecordingDetailView.swift in Sources */,
				AA00005B /* TranscriptionView.swift in Sources */,
				AA00005E /* Tone.swift in Sources */,
				AA000060 /* Format.swift in Sources */,
				AA000062 /* KeychainHelper.swift in Sources */,
				AA000065 /* CreateNoteIntent.swift in Sources */,
				38C589FDFD445337A9ED5C79 /* AIDisclosureView.swift in Sources */,
			);
			runOnlyForDeploymentPostprocessing = 0;
		};
		BB000040 /* Sources */ = {
			isa = PBXSourcesBuildPhase;
			buildActionMask = 2147483647;
			files = (
				BB000011 /* RecordingTests.swift in Sources */,
				BB000012 /* ToneFormatTests.swift in Sources */,
				BB000013 /* HistoryStoreTests.swift in Sources */,
				BB000014 /* AIServiceTests.swift in Sources */,
				BB000015 /* KeychainHelperTests.swift in Sources */,
				BB000016 /* RewriteViewModelTests.swift in Sources */,
				BB000017 /* AIDisclosureTests.swift in Sources */,
			);
			runOnlyForDeploymentPostprocessing = 0;
		};
		BB100040 /* Sources */ = {
			isa = PBXSourcesBuildPhase;
			buildActionMask = 2147483647;
			files = (
				BB100001 /* ScreenshotTests.swift in Sources */,
			);
			runOnlyForDeploymentPostprocessing = 0;
		};
/* End PBXSourcesBuildPhase section */

/* Begin PBXTargetDependency section */
		BB000051 /* PBXTargetDependency */ = {
			isa = PBXTargetDependency;
			target = AA000031 /* SpeakSmart */;
			targetProxy = BB000050 /* PBXContainerItemProxy */;
		};
		BB100051 /* PBXTargetDependency */ = {
			isa = PBXTargetDependency;
			target = AA000031 /* SpeakSmart */;
			targetProxy = BB100050 /* PBXContainerItemProxy */;
		};
/* End PBXTargetDependency section */

/* Begin XCBuildConfiguration section */
		AA000050 /* Debug */ = {
			isa = XCBuildConfiguration;
			buildSettings = {
				ASSETCATALOG_COMPILER_APPICON_NAME = AppIcon;
				ASSETCATALOG_COMPILER_GLOBAL_ACCENT_COLOR_NAME = AccentColor;
				ASSETCATALOG_COMPILER_INCLUDE_ALL_APPICON_ASSETS = YES;
				CODE_SIGN_STYLE = Automatic;
				CURRENT_PROJECT_VERSION = 7;
				DEVELOPMENT_ASSET_PATHS = "";
				DEVELOPMENT_TEAM = 45U54DJWKP;
				ENABLE_PREVIEWS = YES;
				GENERATE_INFOPLIST_FILE = YES;
				INFOPLIST_FILE = SpeakSmart/App/Info.plist;
				INFOPLIST_KEY_UIApplicationSceneManifest_Generation = YES;
				INFOPLIST_KEY_UIApplicationSupportsIndirectInputEvents = YES;
				INFOPLIST_KEY_UILaunchScreen_Generation = YES;
				INFOPLIST_KEY_UISupportedInterfaceOrientations_iPad = "UIInterfaceOrientationLandscapeLeft UIInterfaceOrientationLandscapeRight UIInterfaceOrientationPortrait UIInterfaceOrientationPortraitUpsideDown";
				INFOPLIST_KEY_UISupportedInterfaceOrientations_iPhone = UIInterfaceOrientationPortrait;
				IPHONEOS_DEPLOYMENT_TARGET = 17.0;
				LD_RUNPATH_SEARCH_PATHS = (
					"$(inherited)",
					"@executable_path/Frameworks",
				);
				MARKETING_VERSION = 1.0;
				PRODUCT_BUNDLE_IDENTIFIER = com.appmog.speaksmartapp;
				PRODUCT_NAME = "$(TARGET_NAME)";
				SWIFT_EMIT_LOC_STRINGS = YES;
				SWIFT_VERSION = 5.0;
				TARGETED_DEVICE_FAMILY = "1,2";
			};
			name = Debug;
		};
		AA000051 /* Release */ = {
			isa = XCBuildConfiguration;
			buildSettings = {
				ASSETCATALOG_COMPILER_APPICON_NAME = AppIcon;
				ASSETCATALOG_COMPILER_GLOBAL_ACCENT_COLOR_NAME = AccentColor;
				ASSETCATALOG_COMPILER_INCLUDE_ALL_APPICON_ASSETS = YES;
				CODE_SIGN_STYLE = Automatic;
				CURRENT_PROJECT_VERSION = 7;
				DEVELOPMENT_ASSET_PATHS = "";
				DEVELOPMENT_TEAM = 45U54DJWKP;
				ENABLE_PREVIEWS = YES;
				GENERATE_INFOPLIST_FILE = YES;
				INFOPLIST_FILE = SpeakSmart/App/Info.plist;
				INFOPLIST_KEY_UIApplicationSceneManifest_Generation = YES;
				INFOPLIST_KEY_UIApplicationSupportsIndirectInputEvents = YES;
				INFOPLIST_KEY_UILaunchScreen_Generation = YES;
				INFOPLIST_KEY_UISupportedInterfaceOrientations_iPad = "UIInterfaceOrientationLandscapeLeft UIInterfaceOrientationLandscapeRight UIInterfaceOrientationPortrait UIInterfaceOrientationPortraitUpsideDown";
				INFOPLIST_KEY_UISupportedInterfaceOrientations_iPhone = UIInterfaceOrientationPortrait;
				IPHONEOS_DEPLOYMENT_TARGET = 17.0;
				LD_RUNPATH_SEARCH_PATHS = (
					"$(inherited)",
					"@executable_path/Frameworks",
				);
				MARKETING_VERSION = 1.0;
				PRODUCT_BUNDLE_IDENTIFIER = com.appmog.speaksmartapp;
				PRODUCT_NAME = "$(TARGET_NAME)";
				SWIFT_EMIT_LOC_STRINGS = YES;
				SWIFT_VERSION = 5.0;
				TARGETED_DEVICE_FAMILY = "1,2";
			};
			name = Release;
		};
		AA000052 /* Debug */ = {
			isa = XCBuildConfiguration;
			buildSettings = {
				ALWAYS_SEARCH_USER_PATHS = NO;
				ASSETCATALOG_COMPILER_GENERATE_SWIFT_ASSET_SYMBOL_EXTENSIONS = YES;
				CLANG_ANALYZER_NONNULL = YES;
				CLANG_ANALYZER_NUMBER_OBJECT_CONVERSION = YES_AGGRESSIVE;
				CLANG_CXX_LANGUAGE_STANDARD = "gnu++20";
				CLANG_ENABLE_MODULES = YES;
				CLANG_ENABLE_OBJC_ARC = YES;
				CLANG_ENABLE_OBJC_WEAK = YES;
				CLANG_WARN_BLOCK_CAPTURE_AUTORELEASING = YES;
				CLANG_WARN_BOOL_CONVERSION = YES;
				CLANG_WARN_COMMA = YES;
				CLANG_WARN_CONSTANT_CONVERSION = YES;
				CLANG_WARN_DEPRECATED_OBJC_IMPLEMENTATIONS = YES;
				CLANG_WARN_DIRECT_OBJC_ISA_USAGE = YES_ERROR;
				CLANG_WARN_DOCUMENTATION_COMMENTS = YES;
				CLANG_WARN_EMPTY_BODY = YES;
				CLANG_WARN_ENUM_CONVERSION = YES;
				CLANG_WARN_INFINITE_RECURSION = YES;
				CLANG_WARN_INT_CONVERSION = YES;
				CLANG_WARN_NON_LITERAL_NULL_CONVERSION = YES;
				CLANG_WARN_OBJC_IMPLICIT_RETAIN_SELF = YES;
				CLANG_WARN_OBJC_LITERAL_CONVERSION = YES;
				CLANG_WARN_OBJC_ROOT_CLASS = YES_ERROR;
				CLANG_WARN_QUOTED_INCLUDE_IN_FRAMEWORK_HEADER = YES;
				CLANG_WARN_RANGE_LOOP_ANALYSIS = YES;
				CLANG_WARN_STRICT_PROTOTYPES = YES;
				CLANG_WARN_SUSPICIOUS_MOVE = YES;
				CLANG_WARN_UNGUARDED_AVAILABILITY = YES_AGGRESSIVE;
				CLANG_WARN_UNREACHABLE_CODE = YES;
				CLANG_WARN__DUPLICATE_METHOD_MATCH = YES;
				COPY_PHASE_STRIP = NO;
				DEBUG_INFORMATION_FORMAT = dwarf;
				DEVELOPMENT_TEAM = UGYRRU4N4D;
				ENABLE_STRICT_OBJC_MSGSEND = YES;
				ENABLE_TESTABILITY = YES;
				ENABLE_USER_SCRIPT_SANDBOXING = NO;
				GCC_C_LANGUAGE_STANDARD = gnu17;
				GCC_DYNAMIC_NO_PIC = NO;
				GCC_NO_COMMON_BLOCKS = YES;
				GCC_OPTIMIZATION_LEVEL = 0;
				GCC_PREPROCESSOR_DEFINITIONS = (
					"DEBUG=1",
					"$(inherited)",
				);
				GCC_WARN_64_TO_32_BIT_CONVERSION = YES;
				GCC_WARN_ABOUT_RETURN_TYPE = YES_ERROR;
				GCC_WARN_UNDECLARED_SELECTOR = YES;
				GCC_WARN_UNINITIALIZED_AUTOS = YES_AGGRESSIVE;
				GCC_WARN_UNUSED_FUNCTION = YES;
				GCC_WARN_UNUSED_VARIABLE = YES;
				IPHONEOS_DEPLOYMENT_TARGET = 17.0;
				LOCALIZATION_PREFERS_STRING_CATALOGS = YES;
				MTL_ENABLE_DEBUG_INFO = INCLUDE_SOURCE;
				MTL_FAST_MATH = YES;
				ONLY_ACTIVE_ARCH = YES;
				SDKROOT = iphoneos;
				STRING_CATALOG_GENERATE_SYMBOLS = YES;
				SWIFT_ACTIVE_COMPILATION_CONDITIONS = "DEBUG $(inherited)";
				SWIFT_OPTIMIZATION_LEVEL = "-Onone";
			};
			name = Debug;
		};
		AA000053 /* Release */ = {
			isa = XCBuildConfiguration;
			buildSettings = {
				ALWAYS_SEARCH_USER_PATHS = NO;
				ASSETCATALOG_COMPILER_GENERATE_SWIFT_ASSET_SYMBOL_EXTENSIONS = YES;
				CLANG_ANALYZER_NONNULL = YES;
				CLANG_ANALYZER_NUMBER_OBJECT_CONVERSION = YES_AGGRESSIVE;
				CLANG_CXX_LANGUAGE_STANDARD = "gnu++20";
				CLANG_ENABLE_MODULES = YES;
				CLANG_ENABLE_OBJC_ARC = YES;
				CLANG_ENABLE_OBJC_WEAK = YES;
				CLANG_WARN_BLOCK_CAPTURE_AUTORELEASING = YES;
				CLANG_WARN_BOOL_CONVERSION = YES;
				CLANG_WARN_COMMA = YES;
				CLANG_WARN_CONSTANT_CONVERSION = YES;
				CLANG_WARN_DEPRECATED_OBJC_IMPLEMENTATIONS = YES;
				CLANG_WARN_DIRECT_OBJC_ISA_USAGE = YES_ERROR;
				CLANG_WARN_DOCUMENTATION_COMMENTS = YES;
				CLANG_WARN_EMPTY_BODY = YES;
				CLANG_WARN_ENUM_CONVERSION = YES;
				CLANG_WARN_INFINITE_RECURSION = YES;
				CLANG_WARN_INT_CONVERSION = YES;
				CLANG_WARN_NON_LITERAL_NULL_CONVERSION = YES;
				CLANG_WARN_OBJC_IMPLICIT_RETAIN_SELF = YES;
				CLANG_WARN_OBJC_LITERAL_CONVERSION = YES;
				CLANG_WARN_OBJC_ROOT_CLASS = YES_ERROR;
				CLANG_WARN_QUOTED_INCLUDE_IN_FRAMEWORK_HEADER = YES;
				CLANG_WARN_RANGE_LOOP_ANALYSIS = YES;
				CLANG_WARN_STRICT_PROTOTYPES = YES;
				CLANG_WARN_SUSPICIOUS_MOVE = YES;
				CLANG_WARN_UNGUARDED_AVAILABILITY = YES_AGGRESSIVE;
				CLANG_WARN_UNREACHABLE_CODE = YES;
				CLANG_WARN__DUPLICATE_METHOD_MATCH = YES;
				COPY_PHASE_STRIP = NO;
				DEBUG_INFORMATION_FORMAT = "dwarf-with-dsym";
				DEVELOPMENT_TEAM = UGYRRU4N4D;
				ENABLE_NS_ASSERTIONS = NO;
				ENABLE_STRICT_OBJC_MSGSEND = YES;
				ENABLE_USER_SCRIPT_SANDBOXING = NO;
				GCC_C_LANGUAGE_STANDARD = gnu17;
				GCC_NO_COMMON_BLOCKS = YES;
				GCC_WARN_64_TO_32_BIT_CONVERSION = YES;
				GCC_WARN_ABOUT_RETURN_TYPE = YES_ERROR;
				GCC_WARN_UNDECLARED_SELECTOR = YES;
				GCC_WARN_UNINITIALIZED_AUTOS = YES_AGGRESSIVE;
				GCC_WARN_UNUSED_FUNCTION = YES;
				GCC_WARN_UNUSED_VARIABLE = YES;
				IPHONEOS_DEPLOYMENT_TARGET = 17.0;
				LOCALIZATION_PREFERS_STRING_CATALOGS = YES;
				MTL_ENABLE_DEBUG_INFO = NO;
				MTL_FAST_MATH = YES;
				SDKROOT = iphoneos;
				STRING_CATALOG_GENERATE_SYMBOLS = YES;
				SWIFT_COMPILATION_MODE = wholemodule;
				VALIDATE_PRODUCT = YES;
			};
			name = Release;
		};
		BB000070 /* Debug */ = {
			isa = XCBuildConfiguration;
			buildSettings = {
				BUNDLE_LOADER = "$(TEST_HOST)";
				CODE_SIGN_STYLE = Automatic;
				CURRENT_PROJECT_VERSION = 7;
				GENERATE_INFOPLIST_FILE = YES;
				IPHONEOS_DEPLOYMENT_TARGET = 17.0;
				MARKETING_VERSION = 1.0;
				PRODUCT_BUNDLE_IDENTIFIER = com.appmog.speaksmart.tests;
				PRODUCT_NAME = "$(TARGET_NAME)";
				SWIFT_EMIT_LOC_STRINGS = NO;
				SWIFT_VERSION = 5.0;
				TARGETED_DEVICE_FAMILY = "1,2";
				TEST_HOST = "$(BUILT_PRODUCTS_DIR)/SpeakSmart.app/$(BUNDLE_EXECUTABLE_FOLDER_PATH)/SpeakSmart";
			};
			name = Debug;
		};
		BB000071 /* Release */ = {
			isa = XCBuildConfiguration;
			buildSettings = {
				BUNDLE_LOADER = "$(TEST_HOST)";
				CODE_SIGN_STYLE = Automatic;
				CURRENT_PROJECT_VERSION = 7;
				GENERATE_INFOPLIST_FILE = YES;
				IPHONEOS_DEPLOYMENT_TARGET = 17.0;
				MARKETING_VERSION = 1.0;
				PRODUCT_BUNDLE_IDENTIFIER = com.appmog.speaksmart.tests;
				PRODUCT_NAME = "$(TARGET_NAME)";
				SWIFT_EMIT_LOC_STRINGS = NO;
				SWIFT_VERSION = 5.0;
				TARGETED_DEVICE_FAMILY = "1,2";
				TEST_HOST = "$(BUILT_PRODUCTS_DIR)/SpeakSmart.app/$(BUNDLE_EXECUTABLE_FOLDER_PATH)/SpeakSmart";
			};
			name = Release;
		};
		BB100070 /* Debug */ = {
			isa = XCBuildConfiguration;
			buildSettings = {
				CODE_SIGN_STYLE = Automatic;
				CURRENT_PROJECT_VERSION = 7;
				GENERATE_INFOPLIST_FILE = YES;
				IPHONEOS_DEPLOYMENT_TARGET = 17.0;
				MARKETING_VERSION = 1.0;
				PRODUCT_BUNDLE_IDENTIFIER = com.appmog.speaksmart.screenshots;
				PRODUCT_NAME = "$(TARGET_NAME)";
				SWIFT_EMIT_LOC_STRINGS = NO;
				SWIFT_VERSION = 5.0;
				TARGETED_DEVICE_FAMILY = "1,2";
				TEST_TARGET_NAME = SpeakSmart;
			};
			name = Debug;
		};
		BB100071 /* Release */ = {
			isa = XCBuildConfiguration;
			buildSettings = {
				CODE_SIGN_STYLE = Automatic;
				CURRENT_PROJECT_VERSION = 7;
				GENERATE_INFOPLIST_FILE = YES;
				IPHONEOS_DEPLOYMENT_TARGET = 17.0;
				MARKETING_VERSION = 1.0;
				PRODUCT_BUNDLE_IDENTIFIER = com.appmog.speaksmart.screenshots;
				PRODUCT_NAME = "$(TARGET_NAME)";
				SWIFT_EMIT_LOC_STRINGS = NO;
				SWIFT_VERSION = 5.0;
				TARGETED_DEVICE_FAMILY = "1,2";
				TEST_TARGET_NAME = SpeakSmart;
			};
			name = Release;
		};
/* End XCBuildConfiguration section */

/* Begin XCConfigurationList section */
		AA000034 /* Build configuration list for PBXProject "SpeakSmart" */ = {
			isa = XCConfigurationList;
			buildConfigurations = (
				AA000052 /* Debug */,
				AA000053 /* Release */,
			);
			defaultConfigurationIsVisible = 0;
			defaultConfigurationName = Release;
		};
		AA000040 /* Build configuration list for PBXNativeTarget "SpeakSmart" */ = {
			isa = XCConfigurationList;
			buildConfigurations = (
				AA000050 /* Debug */,
				AA000051 /* Release */,
			);
			defaultConfigurationIsVisible = 0;
			defaultConfigurationName = Release;
		};
		BB000080 /* Build configuration list for PBXNativeTarget "SpeakSmartTests" */ = {
			isa = XCConfigurationList;
			buildConfigurations = (
				BB000070 /* Debug */,
				BB000071 /* Release */,
			);
			defaultConfigurationIsVisible = 0;
			defaultConfigurationName = Release;
		};
		BB100080 /* Build configuration list for PBXNativeTarget "SpeakSmartScreenshots" */ = {
			isa = XCConfigurationList;
			buildConfigurations = (
				BB100070 /* Debug */,
				BB100071 /* Release */,
			);
			defaultConfigurationIsVisible = 0;
			defaultConfigurationName = Release;
		};
/* End XCConfigurationList section */
	};
	rootObject = AA000033 /* Project object */;
}
